// !$*UTF8*$!
{
	archiveVersion = 1;
	classes = {
	};
	objectVersion = 50;
	objects = {

/* Begin PBXBuildFile section */
		84C755F021F6BB1D009BA828 /* AppDelegate.swift in Sources */ = {isa = PBXBuildFile; fileRef = 84C755EF21F6BB1D009BA828 /* AppDelegate.swift */; };
		84C755F221F6BB1D009BA828 /* ViewController.swift in Sources */ = {isa = PBXBuildFile; fileRef = 84C755F121F6BB1D009BA828 /* ViewController.swift */; };
		84C755F521F6BB1D009BA828 /* Main.storyboard in Resources */ = {isa = PBXBuildFile; fileRef = 84C755F321F6BB1D009BA828 /* Main.storyboard */; };
		84C755F721F6BB1D009BA828 /* Assets.xcassets in Resources */ = {isa = PBXBuildFile; fileRef = 84C755F621F6BB1D009BA828 /* Assets.xcassets */; };
		84C755FA21F6BB1D009BA828 /* LaunchScreen.storyboard in Resources */ = {isa = PBXBuildFile; fileRef = 84C755F821F6BB1D009BA828 /* LaunchScreen.storyboard */; };
		84C7560521F6BB1E009BA828 /* HomeWorkTests.swift in Sources */ = {isa = PBXBuildFile; fileRef = 84C7560421F6BB1E009BA828 /* HomeWorkTests.swift */; };
		84C7561021F6BB1E009BA828 /* HomeWorkUITests.swift in Sources */ = {isa = PBXBuildFile; fileRef = 84C7560F21F6BB1E009BA828 /* HomeWorkUITests.swift */; };
/* End PBXBuildFile section */

/* Begin PBXContainerItemProxy section */
		84C7560121F6BB1E009BA828 /* PBXContainerItemProxy */ = {
			isa = PBXContainerItemProxy;
			containerPortal = 84C755E421F6BB1D009BA828 /* Project object */;
			proxyType = 1;
			remoteGlobalIDString = 84C755EB21F6BB1D009BA828;
			remoteInfo = HomeWork;
		};
		84C7560C21F6BB1E009BA828 /* PBXContainerItemProxy */ = {
			isa = PBXContainerItemProxy;
			containerPortal = 84C755E421F6BB1D009BA828 /* Project object */;
			proxyType = 1;
			remoteGlobalIDString = 84C755EB21F6BB1D009BA828;
			remoteInfo = HomeWork;
		};
/* End PBXContainerItemProxy section */

/* Begin PBXFileReference section */
		84C755EC21F6BB1D009BA828 /* HomeWork.app */ = {isa = PBXFileReference; explicitFileType = wrapper.application; includeInIndex = 0; path = HomeWork.app; sourceTree = BUILT_PRODUCTS_DIR; };
		84C755EF21F6BB1D009BA828 /* AppDelegate.swift */ = {isa = PBXFileReference; lastKnownFileType = sourcecode.swift; path = AppDelegate.swift; sourceTree = "<group>"; };
		84C755F121F6BB1D009BA828 /* ViewController.swift */ = {isa = PBXFileReference; lastKnownFileType = sourcecode.swift; path = ViewController.swift; sourceTree = "<group>"; };
		84C755F421F6BB1D009BA828 /* Base */ = {isa = PBXFileReference; lastKnownFileType = file.storyboard; name = Base; path = Base.lproj/Main.storyboard; sourceTree = "<group>"; };
		84C755F621F6BB1D009BA828 /* Assets.xcassets */ = {isa = PBXFileReference; lastKnownFileType = folder.assetcatalog; path = Assets.xcassets; sourceTree = "<group>"; };
		84C755F921F6BB1D009BA828 /* Base */ = {isa = PBXFileReference; lastKnownFileType = file.storyboard; name = Base; path = Base.lproj/LaunchScreen.storyboard; sourceTree = "<group>"; };
		84C755FB21F6BB1D009BA828 /* Info.plist */ = {isa = PBXFileReference; lastKnownFileType = text.plist.xml; path = Info.plist; sourceTree = "<group>"; };
		84C7560021F6BB1E009BA828 /* HomeWorkTests.xctest */ = {isa = PBXFileReference; explicitFileType = wrapper.cfbundle; includeInIndex = 0; path = HomeWorkTests.xctest; sourceTree = BUILT_PRODUCTS_DIR; };
		84C7560421F6BB1E009BA828 /* HomeWorkTests.swift */ = {isa = PBXFileReference; lastKnownFileType = sourcecode.swift; path = HomeWorkTests.swift; sourceTree = "<group>"; };
		84C7560621F6BB1E009BA828 /* Info.plist */ = {isa = PBXFileReference; lastKnownFileType = text.plist.xml; path = Info.plist; sourceTree = "<group>"; };
		84C7560B21F6BB1E009BA828 /* HomeWorkUITests.xctest */ = {isa = PBXFileReference; explicitFileType = wrapper.cfbundle; includeInIndex = 0; path = HomeWorkUITests.xctest; sourceTree = BUILT_PRODUCTS_DIR; };
		84C7560F21F6BB1E009BA828 /* HomeWorkUITests.swift */ = {isa = PBXFileReference; lastKnownFileType = sourcecode.swift; path = HomeWorkUITests.swift; sourceTree = "<group>"; };
		84C7561121F6BB1E009BA828 /* Info.plist */ = {isa = PBXFileReference; lastKnownFileType = text.plist.xml; path = Info.plist; sourceTree = "<group>"; };
/* End PBXFileReference section */

/* Begin PBXFrameworksBuildPhase section */
		84C755E921F6BB1D009BA828 /* Frameworks */ = {
			isa = PBXFrameworksBuildPhase;
			buildActionMask = 2147483647;
			files = (
			);
			runOnlyForDeploymentPostprocessing = 0;
		};
		84C755FD21F6BB1E009BA828 /* Frameworks */ = {
			isa = PBXFrameworksBuildPhase;
			buildActionMask = 2147483647;
			files = (
			);
			runOnlyForDeploymentPostprocessing = 0;
		};
		84C7560821F6BB1E009BA828 /* Frameworks */ = {
			isa = PBXFrameworksBuildPhase;
			buildActionMask = 2147483647;
			files = (
			);
			runOnlyForDeploymentPostprocessing = 0;
		};
/* End PBXFrameworksBuildPhase section */

/* Begin PBXGroup section */
		84C755E321F6BB1D009BA828 = {
			isa = PBXGroup;
			children = (
				84C755EE21F6BB1D009BA828 /* HomeWork */,
				84C7560321F6BB1E009BA828 /* HomeWorkTests */,
				84C7560E21F6BB1E009BA828 /* HomeWorkUITests */,
				84C755ED21F6BB1D009BA828 /* Products */,
			);
			sourceTree = "<group>";
		};
		84C755ED21F6BB1D009BA828 /* Products */ = {
			isa = PBXGroup;
			children = (
				84C755EC21F6BB1D009BA828 /* HomeWork.app */,
				84C7560021F6BB1E009BA828 /* HomeWorkTests.xctest */,
				84C7560B21F6BB1E009BA828 /* HomeWorkUITests.xctest */,
			);
			name = Products;
			sourceTree = "<group>";
		};
		84C755EE21F6BB1D009BA828 /* HomeWork */ = {
			isa = PBXGroup;
			children = (
				84C755EF21F6BB1D009BA828 /* AppDelegate.swift */,
				84C755F121F6BB1D009BA828 /* ViewController.swift */,
				84C755F321F6BB1D009BA828 /* Main.storyboard */,
				84C755F621F6BB1D009BA828 /* Assets.xcassets */,
				84C755F821F6BB1D009BA828 /* LaunchScreen.storyboard */,
				84C755FB21F6BB1D009BA828 /* Info.plist */,
			);
			path = HomeWork;
			sourceTree = "<group>";
		};
		84C7560321F6BB1E009BA828 /* HomeWorkTests */ = {
			isa = PBXGroup;
			children = (
				84C7560421F6BB1E009BA828 /* HomeWorkTests.swift */,
				84C7560621F6BB1E009BA828 /* Info.plist */,
			);
			path = HomeWorkTests;
			sourceTree = "<group>";
		};
		84C7560E21F6BB1E009BA828 /* HomeWorkUITests */ = {
			isa = PBXGroup;
			children = (
				84C7560F21F6BB1E009BA828 /* HomeWorkUITests.swift */,
				84C7561121F6BB1E009BA828 /* Info.plist */,
			);
			path = HomeWorkUITests;
			sourceTree = "<group>";
		};
/* End PBXGroup section */

/* Begin PBXNativeTarget section */
		84C755EB21F6BB1D009BA828 /* HomeWork */ = {
			isa = PBXNativeTarget;
			buildConfigurationList = 84C7561421F6BB1E009BA828 /* Build configuration list for PBXNativeTarget "HomeWork" */;
			buildPhases = (
				84C755E821F6BB1D009BA828 /* Sources */,
				84C755E921F6BB1D009BA828 /* Frameworks */,
				84C755EA21F6BB1D009BA828 /* Resources */,
			);
			buildRules = (
			);
			dependencies = (
			);
			name = HomeWork;
			productName = HomeWork;
			productReference = 84C755EC21F6BB1D009BA828 /* HomeWork.app */;
			productType = "com.apple.product-type.application";
		};
		84C755FF21F6BB1E009BA828 /* HomeWorkTests */ = {
			isa = PBXNativeTarget;
			buildConfigurationList = 84C7561721F6BB1E009BA828 /* Build configuration list for PBXNativeTarget "HomeWorkTests" */;
			buildPhases = (
				84C755FC21F6BB1E009BA828 /* Sources */,
				84C755FD21F6BB1E009BA828 /* Frameworks */,
				84C755FE21F6BB1E009BA828 /* Resources */,
			);
			buildRules = (
			);
			dependencies = (
				84C7560221F6BB1E009BA828 /* PBXTargetDependency */,
			);
			name = HomeWorkTests;
			productName = HomeWorkTests;
			productReference = 84C7560021F6BB1E009BA828 /* HomeWorkTests.xctest */;
			productType = "com.apple.product-type.bundle.unit-test";
		};
		84C7560A21F6BB1E009BA828 /* HomeWorkUITests */ = {
			isa = PBXNativeTarget;
			buildConfigurationList = 84C7561A21F6BB1E009BA828 /* Build configuration list for PBXNativeTarget "HomeWorkUITests" */;
			buildPhases = (
				84C7560721F6BB1E009BA828 /* Sources */,
				84C7560821F6BB1E009BA828 /* Frameworks */,
				84C7560921F6BB1E009BA828 /* Resources */,
			);
			buildRules = (
			);
			dependencies = (
				84C7560D21F6BB1E009BA828 /* PBXTargetDependency */,
			);
			name = HomeWorkUITests;
			productName = HomeWorkUITests;
			productReference = 84C7560B21F6BB1E009BA828 /* HomeWorkUITests.xctest */;
			productType = "com.apple.product-type.bundle.ui-testing";
		};
/* End PBXNativeTarget section */

/* Begin PBXProject section */
		84C755E421F6BB1D009BA828 /* Project object */ = {
			isa = PBXProject;
			attributes = {
				LastSwiftUpdateCheck = 1010;
				LastUpgradeCheck = 1010;
				ORGANIZATIONNAME = "Worapol Likitaporn";
				TargetAttributes = {
					84C755EB21F6BB1D009BA828 = {
						CreatedOnToolsVersion = 10.1;
					};
					84C755FF21F6BB1E009BA828 = {
						CreatedOnToolsVersion = 10.1;
						TestTargetID = 84C755EB21F6BB1D009BA828;
					};
					84C7560A21F6BB1E009BA828 = {
						CreatedOnToolsVersion = 10.1;
						TestTargetID = 84C755EB21F6BB1D009BA828;
					};
				};
			};
			buildConfigurationList = 84C755E721F6BB1D009BA828 /* Build configuration list for PBXProject "HomeWork" */;
			compatibilityVersion = "Xcode 9.3";
			developmentRegion = en;
			hasScannedForEncodings = 0;
			knownRegions = (
				en,
				Base,
			);
			mainGroup = 84C755E321F6BB1D009BA828;
			productRefGroup = 84C755ED21F6BB1D009BA828 /* Products */;
			projectDirPath = "";
			projectRoot = "";
			targets = (
				84C755EB21F6BB1D009BA828 /* HomeWork */,
				84C755FF21F6BB1E009BA828 /* HomeWorkTests */,
				84C7560A21F6BB1E009BA828 /* HomeWorkUITests */,
			);
		};
/* End PBXProject section */

/* Begin PBXResourcesBuildPhase section */
		84C755EA21F6BB1D009BA828 /* Resources */ = {
			isa = PBXResourcesBuildPhase;
			buildActionMask = 2147483647;
			files = (
				84C755FA21F6BB1D009BA828 /* LaunchScreen.storyboard in Resources */,
				84C755F721F6BB1D009BA828 /* Assets.xcassets in Resources */,
				84C755F521F6BB1D009BA828 /* Main.storyboard in Resources */,
			);
			runOnlyForDeploymentPostprocessing = 0;
		};
		84C755FE21F6BB1E009BA828 /* Resources */ = {
			isa = PBXResourcesBuildPhase;
			buildActionMask = 2147483647;
			files = (
			);
			runOnlyForDeploymentPostprocessing = 0;
		};
		84C7560921F6BB1E009BA828 /* Resources */ = {
			isa = PBXResourcesBuildPhase;
			buildActionMask = 2147483647;
			files = (
			);
			runOnlyForDeploymentPostprocessing = 0;
		};
/* End PBXResourcesBuildPhase section */

/* Begin PBXSourcesBuildPhase section */
		84C755E821F6BB1D009BA828 /* Sources */ = {
			isa = PBXSourcesBuildPhase;
			buildActionMask = 2147483647;
			files = (
				84C755F221F6BB1D009BA828 /* ViewController.swift in Sources */,
				84C755F021F6BB1D009BA828 /* AppDelegate.swift in Sources */,
			);
			runOnlyForDeploymentPostprocessing = 0;
		};
		84C755FC21F6BB1E009BA828 /* Sources */ = {
			isa = PBXSourcesBuildPhase;
			buildActionMask = 2147483647;
			files = (
				84C7560521F6BB1E009BA828 /* HomeWorkTests.swift in Sources */,
			);
			runOnlyForDeploymentPostprocessing = 0;
		};
		84C7560721F6BB1E009BA828 /* Sources */ = {
			isa = PBXSourcesBuildPhase;
			buildActionMask = 2147483647;
			files = (
				84C7561021F6BB1E009BA828 /* HomeWorkUITests.swift in Sources */,
			);
			runOnlyForDeploymentPostprocessing = 0;
		};
/* End PBXSourcesBuildPhase section */

/* Begin PBXTargetDependency section */
		84C7560221F6BB1E009BA828 /* PBXTargetDependency */ = {
			isa = PBXTargetDependency;
			target = 84C755EB21F6BB1D009BA828 /* HomeWork */;
			targetProxy = 84C7560121F6BB1E009BA828 /* PBXContainerItemProxy */;
		};
		84C7560D21F6BB1E009BA828 /* PBXTargetDependency */ = {
			isa = PBXTargetDependency;
			target = 84C755EB21F6BB1D009BA828 /* HomeWork */;
			targetProxy = 84C7560C21F6BB1E009BA828 /* PBXContainerItemProxy */;
		};
/* End PBXTargetDependency section */

/* Begin PBXVariantGroup section */
		84C755F321F6BB1D009BA828 /* Main.storyboard */ = {
			isa = PBXVariantGroup;
			children = (
				84C755F421F6BB1D009BA828 /* Base */,
			);
			name = Main.storyboard;
			sourceTree = "<group>";
		};
		84C755F821F6BB1D009BA828 /* LaunchScreen.storyboard */ = {
			isa = PBXVariantGroup;
			children = (
				84C755F921F6BB1D009BA828 /* Base */,
			);
			name = LaunchScreen.storyboard;
			sourceTree = "<group>";
		};
/* End PBXVariantGroup section */

/* Begin XCBuildConfiguration section */
		84C7561221F6BB1E009BA828 /* Debug */ = {
			isa = XCBuildConfiguration;
			buildSettings = {
				ALWAYS_SEARCH_USER_PATHS = NO;
				CLANG_ANALYZER_NONNULL = YES;
				CLANG_ANALYZER_NUMBER_OBJECT_CONVERSION = YES_AGGRESSIVE;
				CLANG_CXX_LANGUAGE_STANDARD = "gnu++14";
				CLANG_CXX_LIBRARY = "libc++";
				CLANG_ENABLE_MODULES = YES;
				CLANG_ENABLE_OBJC_ARC = YES;
				CLANG_ENABLE_OBJC_WEAK = YES;
				CLANG_WARN_BLOCK_CAPTURE_AUTORELEASING = YES;
				CLANG_WARN_BOOL_CONVERSION = YES;
				CLANG_WARN_COMMA = YES;
				CLANG_WARN_CONSTANT_CONVERSION = YES;
				CLANG_WARN_DEPRECATED_OBJC_IMPLEMENTATIONS = YES;
				CLANG_WARN_DIRECT_OBJC_ISA_USAGE = YES_ERROR;
				CLANG_WARN_DOCUMENTATION_COMMENTS = YES;
				CLANG_WARN_EMPTY_BODY = YES;
				CLANG_WARN_ENUM_CONVERSION = YES;
				CLANG_WARN_INFINITE_RECURSION = YES;
				CLANG_WARN_INT_CONVERSION = YES;
				CLANG_WARN_NON_LITERAL_NULL_CONVERSION = YES;
				CLANG_WARN_OBJC_IMPLICIT_RETAIN_SELF = YES;
				CLANG_WARN_OBJC_LITERAL_CONVERSION = YES;
				CLANG_WARN_OBJC_ROOT_CLASS = YES_ERROR;
				CLANG_WARN_RANGE_LOOP_ANALYSIS = YES;
				CLANG_WARN_STRICT_PROTOTYPES = YES;
				CLANG_WARN_SUSPICIOUS_MOVE = YES;
				CLANG_WARN_UNGUARDED_AVAILABILITY = YES_AGGRESSIVE;
				CLANG_WARN_UNREACHABLE_CODE = YES;
				CLANG_WARN__DUPLICATE_METHOD_MATCH = YES;
				CODE_SIGN_IDENTITY = "iPhone Developer";
				COPY_PHASE_STRIP = NO;
				DEBUG_INFORMATION_FORMAT = dwarf;
				ENABLE_STRICT_OBJC_MSGSEND = YES;
				ENABLE_TESTABILITY = YES;
				GCC_C_LANGUAGE_STANDARD = gnu11;
				GCC_DYNAMIC_NO_PIC = NO;
				GCC_NO_COMMON_BLOCKS = YES;
				GCC_OPTIMIZATION_LEVEL = 0;
				GCC_PREPROCESSOR_DEFINITIONS = (
					"DEBUG=1",
					"$(inherited)",
				);
				GCC_WARN_64_TO_32_BIT_CONVERSION = YES;
				GCC_WARN_ABOUT_RETURN_TYPE = YES_ERROR;
				GCC_WARN_UNDECLARED_SELECTOR = YES;
				GCC_WARN_UNINITIALIZED_AUTOS = YES_AGGRESSIVE;
				GCC_WARN_UNUSED_FUNCTION = YES;
				GCC_WARN_UNUSED_VARIABLE = YES;
				IPHONEOS_DEPLOYMENT_TARGET = 12.1;
				MTL_ENABLE_DEBUG_INFO = INCLUDE_SOURCE;
				MTL_FAST_MATH = YES;
				ONLY_ACTIVE_ARCH = YES;
				SDKROOT = iphoneos;
				SWIFT_ACTIVE_COMPILATION_CONDITIONS = DEBUG;
				SWIFT_OPTIMIZATION_LEVEL = "-Onone";
			};
			name = Debug;
		};
		84C7561321F6BB1E009BA828 /* Release */ = {
			isa = XCBuildConfiguration;
			buildSettings = {
				ALWAYS_SEARCH_USER_PATHS = NO;
				CLANG_ANALYZER_NONNULL = YES;
				CLANG_ANALYZER_NUMBER_OBJECT_CONVERSION = YES_AGGRESSIVE;
				CLANG_CXX_LANGUAGE_STANDARD = "gnu++14";
				CLANG_CXX_LIBRARY = "libc++";
				CLANG_ENABLE_MODULES = YES;
				CLANG_ENABLE_OBJC_ARC = YES;
				CLANG_ENABLE_OBJC_WEAK = YES;
				CLANG_WARN_BLOCK_CAPTURE_AUTORELEASING = YES;
				CLANG_WARN_BOOL_CONVERSION = YES;
				CLANG_WARN_COMMA = YES;
				CLANG_WARN_CONSTANT_CONVERSION = YES;
				CLANG_WARN_DEPRECATED_OBJC_IMPLEMENTATIONS = YES;
				CLANG_WARN_DIRECT_OBJC_ISA_USAGE = YES_ERROR;
				CLANG_WARN_DOCUMENTATION_COMMENTS = YES;
				CLANG_WARN_EMPTY_BODY = YES;
				CLANG_WARN_ENUM_CONVERSION = YES;
				CLANG_WARN_INFINITE_RECURSION = YES;
				CLANG_WARN_INT_CONVERSION = YES;
				CLANG_WARN_NON_LITERAL_NULL_CONVERSION = YES;
				CLANG_WARN_OBJC_IMPLICIT_RETAIN_SELF = YES;
				CLANG_WARN_OBJC_LITERAL_CONVERSION = YES;
				CLANG_WARN_OBJC_ROOT_CLASS = YES_ERROR;
				CLANG_WARN_RANGE_LOOP_ANALYSIS = YES;
				CLANG_WARN_STRICT_PROTOTYPES = YES;
				CLANG_WARN_SUSPICIOUS_MOVE = YES;
				CLANG_WARN_UNGUARDED_AVAILABILITY = YES_AGGRESSIVE;
				CLANG_WARN_UNREACHABLE_CODE = YES;
				CLANG_WARN__DUPLICATE_METHOD_MATCH = YES;
				CODE_SIGN_IDENTITY = "iPhone Developer";
				COPY_PHASE_STRIP = NO;
				DEBUG_INFORMATION_FORMAT = "dwarf-with-dsym";
				ENABLE_NS_ASSERTIONS = NO;
				ENABLE_STRICT_OBJC_MSGSEND = YES;
				GCC_C_LANGUAGE_STANDARD = gnu11;
				GCC_NO_COMMON_BLOCKS = YES;
				GCC_WARN_64_TO_32_BIT_CONVERSION = YES;
				GCC_WARN_ABOUT_RETURN_TYPE = YES_ERROR;
				GCC_WARN_UNDECLARED_SELECTOR = YES;
				GCC_WARN_UNINITIALIZED_AUTOS = YES_AGGRESSIVE;
				GCC_WARN_UNUSED_FUNCTION = YES;
				GCC_WARN_UNUSED_VARIABLE = YES;
				IPHONEOS_DEPLOYMENT_TARGET = 12.1;
				MTL_ENABLE_DEBUG_INFO = NO;
				MTL_FAST_MATH = YES;
				SDKROOT = iphoneos;
				SWIFT_COMPILATION_MODE = wholemodule;
				SWIFT_OPTIMIZATION_LEVEL = "-O";
				VALIDATE_PRODUCT = YES;
			};
			name = Release;
		};
		84C7561521F6BB1E009BA828 /* Debug */ = {
			isa = XCBuildConfiguration;
			buildSettings = {
				ASSETCATALOG_COMPILER_APPICON_NAME = AppIcon;
				CODE_SIGN_STYLE = Automatic;
				INFOPLIST_FILE = HomeWork/Info.plist;
				LD_RUNPATH_SEARCH_PATHS = (
					"$(inherited)",
					"@executable_path/Frameworks",
				);
				PRODUCT_BUNDLE_IDENTIFIER = ssd.HomeWork;
				PRODUCT_NAME = "$(TARGET_NAME)";
				SWIFT_VERSION = 4.2;
				TARGETED_DEVICE_FAMILY = "1,2";
			};
			name = Debug;
		};
		84C7561621F6BB1E009BA828 /* Release */ = {
			isa = XCBuildConfiguration;
			buildSettings = {
				ASSETCATALOG_COMPILER_APPICON_NAME = AppIcon;
				CODE_SIGN_STYLE = Automatic;
				INFOPLIST_FILE = HomeWork/Info.plist;
				LD_RUNPATH_SEARCH_PATHS = (
					"$(inherited)",
					"@executable_path/Frameworks",
				);
				PRODUCT_BUNDLE_IDENTIFIER = ssd.HomeWork;
				PRODUCT_NAME = "$(TARGET_NAME)";
				SWIFT_VERSION = 4.2;
				TARGETED_DEVICE_FAMILY = "1,2";
			};
			name = Release;
		};
		84C7561821F6BB1E009BA828 /* Debug */ = {
			isa = XCBuildConfiguration;
			buildSettings = {
				ALWAYS_EMBED_SWIFT_STANDARD_LIBRARIES = YES;
				BUNDLE_LOADER = "$(TEST_HOST)";
				CODE_SIGN_STYLE = Automatic;
				INFOPLIST_FILE = HomeWorkTests/Info.plist;
				LD_RUNPATH_SEARCH_PATHS = (
					"$(inherited)",
					"@executable_path/Frameworks",
					"@loader_path/Frameworks",
				);
				PRODUCT_BUNDLE_IDENTIFIER = ssd.HomeWorkTests;
				PRODUCT_NAME = "$(TARGET_NAME)";
				SWIFT_VERSION = 4.2;
				TARGETED_DEVICE_FAMILY = "1,2";
				TEST_HOST = "$(BUILT_PRODUCTS_DIR)/HomeWork.app/HomeWork";
			};
			name = Debug;
		};
		84C7561921F6BB1E009BA828 /* Release */ = {
			isa = XCBuildConfiguration;
			buildSettings = {
				ALWAYS_EMBED_SWIFT_STANDARD_LIBRARIES = YES;
				BUNDLE_LOADER = "$(TEST_HOST)";
				CODE_SIGN_STYLE = Automatic;
				INFOPLIST_FILE = HomeWorkTests/Info.plist;
				LD_RUNPATH_SEARCH_PATHS = (
					"$(inherited)",
					"@executable_path/Frameworks",
					"@loader_path/Frameworks",
				);
				PRODUCT_BUNDLE_IDENTIFIER = ssd.HomeWorkTests;
				PRODUCT_NAME = "$(TARGET_NAME)";
				SWIFT_VERSION = 4.2;
				TARGETED_DEVICE_FAMILY = "1,2";
				TEST_HOST = "$(BUILT_PRODUCTS_DIR)/HomeWork.app/HomeWork";
			};
			name = Release;
		};
		84C7561B21F6BB1E009BA828 /* Debug */ = {
			isa = XCBuildConfiguration;
			buildSettings = {
				ALWAYS_EMBED_SWIFT_STANDARD_LIBRARIES = YES;
				CODE_SIGN_STYLE = Automatic;
				INFOPLIST_FILE = HomeWorkUITests/Info.plist;
				LD_RUNPATH_SEARCH_PATHS = (
					"$(inherited)",
					"@executable_path/Frameworks",
					"@loader_path/Frameworks",
				);
				PRODUCT_BUNDLE_IDENTIFIER = ssd.HomeWorkUITests;
				PRODUCT_NAME = "$(TARGET_NAME)";
				SWIFT_VERSION = 4.2;
				TARGETED_DEVICE_FAMILY = "1,2";
				TEST_TARGET_NAME = HomeWork;
			};
			name = Debug;
		};
		84C7561C21F6BB1E009BA828 /* Release */ = {
			isa = XCBuildConfiguration;
			buildSettings = {
				ALWAYS_EMBED_SWIFT_STANDARD_LIBRARIES = YES;
				CODE_SIGN_STYLE = Automatic;
				INFOPLIST_FILE = HomeWorkUITests/Info.plist;
				LD_RUNPATH_SEARCH_PATHS = (
					"$(inherited)",
					"@executable_path/Frameworks",
					"@loader_path/Frameworks",
				);
				PRODUCT_BUNDLE_IDENTIFIER = ssd.HomeWorkUITests;
				PRODUCT_NAME = "$(TARGET_NAME)";
				SWIFT_VERSION = 4.2;
				TARGETED_DEVICE_FAMILY = "1,2";
				TEST_TARGET_NAME = HomeWork;
			};
			name = Release;
		};
/* End XCBuildConfiguration section */

/* Begin XCConfigurationList section */
		84C755E721F6BB1D009BA828 /* Build configuration list for PBXProject "HomeWork" */ = {
			isa = XCConfigurationList;
			buildConfigurations = (
				84C7561221F6BB1E009BA828 /* Debug */,
				84C7561321F6BB1E009BA828 /* Release */,
			);
			defaultConfigurationIsVisible = 0;
			defaultConfigurationName = Release;
		};
		84C7561421F6BB1E009BA828 /* Build configuration list for PBXNativeTarget "HomeWork" */ = {
			isa = XCConfigurationList;
			buildConfigurations = (
				84C7561521F6BB1E009BA828 /* Debug */,
				84C7561621F6BB1E009BA828 /* Release */,
			);
			defaultConfigurationIsVisible = 0;
			defaultConfigurationName = Release;
		};
		84C7561721F6BB1E009BA828 /* Build configuration list for PBXNativeTarget "HomeWorkTests" */ = {
			isa = XCConfigurationList;
			buildConfigurations = (
				84C7561821F6BB1E009BA828 /* Debug */,
				84C7561921F6BB1E009BA828 /* Release */,
			);
			defaultConfigurationIsVisible = 0;
			defaultConfigurationName = Release;
		};
		84C7561A21F6BB1E009BA828 /* Build configuration list for PBXNativeTarget "HomeWorkUITests" */ = {
			isa = XCConfigurationList;
			buildConfigurations = (
				84C7561B21F6BB1E009BA828 /* Debug */,
				84C7561C21F6BB1E009BA828 /* Release */,
			);
			defaultConfigurationIsVisible = 0;
			defaultConfigurationName = Release;
		};
/* End XCConfigurationList section */
	};
	rootObject = 84C755E421F6BB1D009BA828 /* Project object */;
}
